<?xml version="1.0" encoding="utf-8"?>
<Project ToolsVersion="4.0" xmlns="http://schemas.microsoft.com/developer/msbuild/2003">
  <ItemGroup>
    <Filter Include="Header Files">
      <UniqueIdentifier>{4552f3ad-50eb-497b-835f-4d437307c32a}</UniqueIdentifier>
    </Filter>
    <Filter Include="Source Files">
      <UniqueIdentifier>{3669f353-285b-4550-a0a1-0bbc4ac03225}</UniqueIdentifier>
    </Filter>
    <Filter Include="Source Files\usage">
      <UniqueIdentifier>{895b67f4-b5a8-4f5c-a6fa-16038cbae064}</UniqueIdentifier>
    </Filter>
  </ItemGroup>
  <ItemGroup>
    <ClInclude Include="include\medvision\imaging\DicomImage.h">
      <Filter>Header Files</Filter>
    </ClInclude>
    <ClInclude Include="include\medvision\imaging\PixelDataProcessor.h">
      <Filter>Header Files</Filter>
    </ClInclude>
    <ClInclude Include="include\medvision\imaging\WindowLevel.h">
      <Filter>Header Files</Filter>
    </ClInclude>
  </ItemGroup>
  <ItemGroup>
    <ClCompile Include="src\DicomImage.cpp">
      <Filter>Source Files</Filter>
    </ClCompile>
    <ClCompile Include="src\PixelDataProcessor.cpp">
      <Filter>Source Files</Filter>
    </ClCompile>
    <ClCompile Include="src\WindowLevel.cpp">
      <Filter>Source Files</Filter>
    </ClCompile>
    <ClCompile Include="tests\test_imaging.cpp">
      <Filter>Source Files\usage</Filter>
    </ClCompile>
  </ItemGroup>
</Project>