<?xml version="1.0" encoding="utf-8"?>
<Project ToolsVersion="4.0" xmlns="http://schemas.microsoft.com/developer/msbuild/2003">
  <ItemGroup>
    <Filter Include="Header Files">
      <UniqueIdentifier>{93995380-89BD-4b04-88EB-625FBE52EBFB}</UniqueIdentifier>
      <Extensions>h;hh;hpp;hxx;hm;inl;inc;ipp;xsd</Extensions>
    </Filter>
    <Filter Include="Source Files">
      <UniqueIdentifier>{4FC737F1-C7A5-4376-A066-2A32D752A2FF}</UniqueIdentifier>
      <Extensions>cpp;c;cc;cxx;def;odl;idl;hpj;bat;asm;asmx</Extensions>
    </Filter>
    <Filter Include="Source Files\usage">
      <UniqueIdentifier>{8769c409-366d-422b-8353-6b71500d9685}</UniqueIdentifier>
    </Filter>
  </ItemGroup>
  <ItemGroup>
    <ClInclude Include="include\medvision\dicom\DicomTag.h">
      <Filter>Header Files</Filter>
    </ClInclude>
    <ClInclude Include="include\medvision\dicom\VR.h">
      <Filter>Header Files</Filter>
    </ClInclude>
    <ClInclude Include="include\medvision\dicom\DicomElement.h">
      <Filter>Header Files</Filter>
    </ClInclude>
    <ClInclude Include="include\medvision\dicom\TransferSyntax.h">
      <Filter>Header Files</Filter>
    </ClInclude>
    <ClInclude Include="include\medvision\dicom\DicomDataSet.h">
      <Filter>Header Files</Filter>
    </ClInclude>
    <ClInclude Include="include\medvision\dicom\DicomReader.h">
      <Filter>Header Files</Filter>
    </ClInclude>
    <ClInclude Include="include\medvision\dicom\DicomWriter.h">
      <Filter>Header Files</Filter>
    </ClInclude>
    <ClInclude Include="include\medvision\dicom\DicomDictionary.h">
      <Filter>Header Files</Filter>
    </ClInclude>
  </ItemGroup>
  <ItemGroup>
    <ClCompile Include="src\DicomTag.cpp">
      <Filter>Source Files</Filter>
    </ClCompile>
    <ClCompile Include="src\VR.cpp">
      <Filter>Source Files</Filter>
    </ClCompile>
    <ClCompile Include="src\DicomElement.cpp">
      <Filter>Source Files</Filter>
    </ClCompile>
    <ClCompile Include="src\TransferSyntax.cpp">
      <Filter>Source Files</Filter>
    </ClCompile>
    <ClCompile Include="src\DicomDataSet.cpp">
      <Filter>Source Files</Filter>
    </ClCompile>
    <ClCompile Include="src\DicomReader.cpp">
      <Filter>Source Files</Filter>
    </ClCompile>
    <ClCompile Include="src\DicomWriter.cpp">
      <Filter>Source Files</Filter>
    </ClCompile>
    <ClCompile Include="src\DicomDictionary.cpp">
      <Filter>Source Files</Filter>
    </ClCompile>
    <ClCompile Include="tests\example_usage.cpp">
      <Filter>Source Files\usage</Filter>
    </ClCompile>
  </ItemGroup>
</Project>